// !$*UTF8*$!
{
	archiveVersion = 1;
	classes = {
	};
	objectVersion = 46;
	objects = {

/* Begin PBXBuildFile section */
		581C58931DB3CFB500688A74 /* AppDelegate.swift in Sources */ = {isa = PBXBuildFile; fileRef = 581C58921DB3CFB500688A74 /* AppDelegate.swift */; };
		581C58951DB3CFB500688A74 /* ViewController.swift in Sources */ = {isa = PBXBuildFile; fileRef = 581C58941DB3CFB500688A74 /* ViewController.swift */; };
		581C58981DB3CFB500688A74 /* Main.storyboard in Resources */ = {isa = PBXBuildFile; fileRef = 581C58961DB3CFB500688A74 /* Main.storyboard */; };
		581C589B1DB3CFB500688A74 /* retro_calculator.xcdatamodeld in Sources */ = {isa = PBXBuildFile; fileRef = 581C58991DB3CFB500688A74 /* retro_calculator.xcdatamodeld */; };
		581C589D1DB3CFB500688A74 /* Assets.xcassets in Resources */ = {isa = PBXBuildFile; fileRef = 581C589C1DB3CFB500688A74 /* Assets.xcassets */; };
		581C58A01DB3CFB500688A74 /* LaunchScreen.storyboard in Resources */ = {isa = PBXBuildFile; fileRef = 581C589E1DB3CFB500688A74 /* LaunchScreen.storyboard */; };
		581C58A81DB3D98D00688A74 /* Minecraft.ttf in Resources */ = {isa = PBXBuildFile; fileRef = 581C58A71DB3D98D00688A74 /* Minecraft.ttf */; };
		581C58AA1DB3DA2300688A74 /* btn.wav in Resources */ = {isa = PBXBuildFile; fileRef = 581C58A91DB3DA2300688A74 /* btn.wav */; };
/* End PBXBuildFile section */

/* Begin PBXFileReference section */
		581C588F1DB3CFB500688A74 /* retro-calculator.app */ = {isa = PBXFileReference; explicitFileType = wrapper.application; includeInIndex = 0; path = "retro-calculator.app"; sourceTree = BUILT_PRODUCTS_DIR; };
		581C58921DB3CFB500688A74 /* AppDelegate.swift */ = {isa = PBXFileReference; lastKnownFileType = sourcecode.swift; path = AppDelegate.swift; sourceTree = "<group>"; };
		581C58941DB3CFB500688A74 /* ViewController.swift */ = {isa = PBXFileReference; lastKnownFileType = sourcecode.swift; path = ViewController.swift; sourceTree = "<group>"; };
		581C58971DB3CFB500688A74 /* Base */ = {isa = PBXFileReference; lastKnownFileType = file.storyboard; name = Base; path = Base.lproj/Main.storyboard; sourceTree = "<group>"; };
		581C589A1DB3CFB500688A74 /* retro_calculator.xcdatamodel */ = {isa = PBXFileReference; lastKnownFileType = wrapper.xcdatamodel; path = retro_calculator.xcdatamodel; sourceTree = "<group>"; };
		581C589C1DB3CFB500688A74 /* Assets.xcassets */ = {isa = PBXFileReference; lastKnownFileType = folder.assetcatalog; path = Assets.xcassets; sourceTree = "<group>"; };
		581C589F1DB3CFB500688A74 /* Base */ = {isa = PBXFileReference; lastKnownFileType = file.storyboard; name = Base; path = Base.lproj/LaunchScreen.storyboard; sourceTree = "<group>"; };
		581C58A11DB3CFB500688A74 /* Info.plist */ = {isa = PBXFileReference; lastKnownFileType = text.plist.xml; path = Info.plist; sourceTree = "<group>"; };
		581C58A71DB3D98D00688A74 /* Minecraft.ttf */ = {isa = PBXFileReference; lastKnownFileType = file; path = Minecraft.ttf; sourceTree = "<group>"; };
		581C58A91DB3DA2300688A74 /* btn.wav */ = {isa = PBXFileReference; lastKnownFileType = audio.wav; path = btn.wav; sourceTree = "<group>"; };
/* End PBXFileReference section */

/* Begin PBXFrameworksBuildPhase section */
		581C588C1DB3CFB500688A74 /* Frameworks */ = {
			isa = PBXFrameworksBuildPhase;
			buildActionMask = 2147483647;
			files = (
			);
			runOnlyForDeploymentPostprocessing = 0;
		};
/* End PBXFrameworksBuildPhase section */

/* Begin PBXGroup section */
		581C58861DB3CFB500688A74 = {
			isa = PBXGroup;
			children = (
				581C58911DB3CFB500688A74 /* retro-calculator */,
				581C58901DB3CFB500688A74 /* Products */,
			);
			sourceTree = "<group>";
		};
		581C58901DB3CFB500688A74 /* Products */ = {
			isa = PBXGroup;
			children = (
				581C588F1DB3CFB500688A74 /* retro-calculator.app */,
			);
			name = Products;
			sourceTree = "<group>";
		};
		581C58911DB3CFB500688A74 /* retro-calculator */ = {
			isa = PBXGroup;
			children = (
				581C58A71DB3D98D00688A74 /* Minecraft.ttf */,
				581C58921DB3CFB500688A74 /* AppDelegate.swift */,
				581C58941DB3CFB500688A74 /* ViewController.swift */,
				581C58A91DB3DA2300688A74 /* btn.wav */,
				581C58961DB3CFB500688A74 /* Main.storyboard */,
				581C589C1DB3CFB500688A74 /* Assets.xcassets */,
				581C589E1DB3CFB500688A74 /* LaunchScreen.storyboard */,
				581C58A11DB3CFB500688A74 /* Info.plist */,
				581C58991DB3CFB500688A74 /* retro_calculator.xcdatamodeld */,
			);
			path = "retro-calculator";
			sourceTree = "<group>";
		};
/* End PBXGroup section */

/* Begin PBXNativeTarget section */
		581C588E1DB3CFB500688A74 /* retro-calculator */ = {
			isa = PBXNativeTarget;
			buildConfigurationList = 581C58A41DB3CFB500688A74 /* Build configuration list for PBXNativeTarget "retro-calculator" */;
			buildPhases = (
				581C588B1DB3CFB500688A74 /* Sources */,
				581C588C1DB3CFB500688A74 /* Frameworks */,
				581C588D1DB3CFB500688A74 /* Resources */,
			);
			buildRules = (
			);
			dependencies = (
			);
			name = "retro-calculator";
			productName = "retro-calculator";
			productReference = 581C588F1DB3CFB500688A74 /* retro-calculator.app */;
			productType = "com.apple.product-type.application";
		};
/* End PBXNativeTarget section */

/* Begin PBXProject section */
		581C58871DB3CFB500688A74 /* Project object */ = {
			isa = PBXProject;
			attributes = {
				LastSwiftUpdateCheck = 0800;
				LastUpgradeCheck = 0800;
				ORGANIZATIONNAME = RM;
				TargetAttributes = {
					581C588E1DB3CFB500688A74 = {
						CreatedOnToolsVersion = 8.0;
						DevelopmentTeam = XD7G54ZSZ3;
						ProvisioningStyle = Automatic;
					};
				};
			};
			buildConfigurationList = 581C588A1DB3CFB500688A74 /* Build configuration list for PBXProject "retro-calculator" */;
			compatibilityVersion = "Xcode 3.2";
			developmentRegion = English;
			hasScannedForEncodings = 0;
			knownRegions = (
				en,
				Base,
			);
			mainGroup = 581C58861DB3CFB500688A74;
			productRefGroup = 581C58901DB3CFB500688A74 /* Products */;
			projectDirPath = "";
			projectRoot = "";
			targets = (
				581C588E1DB3CFB500688A74 /* retro-calculator */,
			);
		};
/* End PBXProject section */

/* Begin PBXResourcesBuildPhase section */
		581C588D1DB3CFB500688A74 /* Resources */ = {
			isa = PBXResourcesBuildPhase;
			buildActionMask = 2147483647;
			files = (
				581C58AA1DB3DA2300688A74 /* btn.wav in Resources */,
				581C58A01DB3CFB500688A74 /* LaunchScreen.storyboard in Resources */,
				581C589D1DB3CFB500688A74 /* Assets.xcassets in Resources */,
				581C58A81DB3D98D00688A74 /* Minecraft.ttf in Resources */,
				581C58981DB3CFB500688A74 /* Main.storyboard in Resources */,
			);
			runOnlyForDeploymentPostprocessing = 0;
		};
/* End PBXResourcesBuildPhase section */

/* Begin PBXSourcesBuildPhase section */
		581C588B1DB3CFB500688A74 /* Sources */ = {
			isa = PBXSourcesBuildPhase;
			buildActionMask = 2147483647;
			files = (
				581C58951DB3CFB500688A74 /* ViewController.swift in Sources */,
				581C589B1DB3CFB500688A74 /* retro_calculator.xcdatamodeld in Sources */,
				581C58931DB3CFB500688A74 /* AppDelegate.swift in Sources */,
			);
			runOnlyForDeploymentPostprocessing = 0;
		};
/* End PBXSourcesBuildPhase section */

/* Begin PBXVariantGroup section */
		581C58961DB3CFB500688A74 /* Main.storyboard */ = {
			isa = PBXVariantGroup;
			children = (
				581C58971DB3CFB500688A74 /* Base */,
			);
			name = Main.storyboard;
			sourceTree = "<group>";
		};
		581C589E1DB3CFB500688A74 /* LaunchScreen.storyboard */ = {
			isa = PBXVariantGroup;
			children = (
				581C589F1DB3CFB500688A74 /* Base */,
			);
			name = LaunchScreen.storyboard;
			sourceTree = "<group>";
		};
/* End PBXVariantGroup section */

/* Begin XCBuildConfiguration section */
		581C58A21DB3CFB500688A74 /* Debug */ = {
			isa = XCBuildConfiguration;
			buildSettings = {
				ALWAYS_SEARCH_USER_PATHS = NO;
				CLANG_ANALYZER_NONNULL = YES;
				CLANG_CXX_LANGUAGE_STANDARD = "gnu++0x";
				CLANG_CXX_LIBRARY = "libc++";
				CLANG_ENABLE_MODULES = YES;
				CLANG_ENABLE_OBJC_ARC = YES;
				CLANG_WARN_BOOL_CONVERSION = YES;
				CLANG_WARN_CONSTANT_CONVERSION = YES;
				CLANG_WARN_DIRECT_OBJC_ISA_USAGE = YES_ERROR;
				CLANG_WARN_DOCUMENTATION_COMMENTS = YES;
				CLANG_WARN_EMPTY_BODY = YES;
				CLANG_WARN_ENUM_CONVERSION = YES;
				CLANG_WARN_INFINITE_RECURSION = YES;
				CLANG_WARN_INT_CONVERSION = YES;
				CLANG_WARN_OBJC_ROOT_CLASS = YES_ERROR;
				CLANG_WARN_SUSPICIOUS_MOVES = YES;
				CLANG_WARN_UNREACHABLE_CODE = YES;
				CLANG_WARN__DUPLICATE_METHOD_MATCH = YES;
				"CODE_SIGN_IDENTITY[sdk=iphoneos*]" = "iPhone Developer";
				COPY_PHASE_STRIP = NO;
				DEBUG_INFORMATION_FORMAT = dwarf;
				ENABLE_STRICT_OBJC_MSGSEND = YES;
				ENABLE_TESTABILITY = YES;
				GCC_C_LANGUAGE_STANDARD = gnu99;
				GCC_DYNAMIC_NO_PIC = NO;
				GCC_NO_COMMON_BLOCKS = YES;
				GCC_OPTIMIZATION_LEVEL = 0;
				GCC_PREPROCESSOR_DEFINITIONS = (
					"DEBUG=1",
					"$(inherited)",
				);
				GCC_WARN_64_TO_32_BIT_CONVERSION = YES;
				GCC_WARN_ABOUT_RETURN_TYPE = YES_ERROR;
				GCC_WARN_UNDECLARED_SELECTOR = YES;
				GCC_WARN_UNINITIALIZED_AUTOS = YES_AGGRESSIVE;
				GCC_WARN_UNUSED_FUNCTION = YES;
				GCC_WARN_UNUSED_VARIABLE = YES;
				IPHONEOS_DEPLOYMENT_TARGET = 10.0;
				MTL_ENABLE_DEBUG_INFO = YES;
				ONLY_ACTIVE_ARCH = YES;
				SDKROOT = iphoneos;
				SWIFT_ACTIVE_COMPILATION_CONDITIONS = DEBUG;
				SWIFT_OPTIMIZATION_LEVEL = "-Onone";
				TARGETED_DEVICE_FAMILY = "1,2";
			};
			name = Debug;
		};
		581C58A31DB3CFB500688A74 /* Release */ = {
			isa = XCBuildConfiguration;
			buildSettings = {
				ALWAYS_SEARCH_USER_PATHS = NO;
				CLANG_ANALYZER_NONNULL = YES;
				CLANG_CXX_LANGUAGE_STANDARD = "gnu++0x";
				CLANG_CXX_LIBRARY = "libc++";
				CLANG_ENABLE_MODULES = YES;
				CLANG_ENABLE_OBJC_ARC = YES;
				CLANG_WARN_BOOL_CONVERSION = YES;
				CLANG_WARN_CONSTANT_CONVERSION = YES;
				CLANG_WARN_DIRECT_OBJC_ISA_USAGE = YES_ERROR;
				CLANG_WARN_DOCUMENTATION_COMMENTS = YES;
				CLANG_WARN_EMPTY_BODY = YES;
				CLANG_WARN_ENUM_CONVERSION = YES;
				CLANG_WARN_INFINITE_RECURSION = YES;
				CLANG_WARN_INT_CONVERSION = YES;
				CLANG_WARN_OBJC_ROOT_CLASS = YES_ERROR;
				CLANG_WARN_SUSPICIOUS_MOVES = YES;
				CLANG_WARN_UNREACHABLE_CODE = YES;
				CLANG_WARN__DUPLICATE_METHOD_MATCH = YES;
				"CODE_SIGN_IDENTITY[sdk=iphoneos*]" = "iPhone Developer";
				COPY_PHASE_STRIP = NO;
				DEBUG_INFORMATION_FORMAT = "dwarf-with-dsym";
				ENABLE_NS_ASSERTIONS = NO;
				ENABLE_STRICT_OBJC_MSGSEND = YES;
				GCC_C_LANGUAGE_STANDARD = gnu99;
				GCC_NO_COMMON_BLOCKS = YES;
				GCC_WARN_64_TO_32_BIT_CONVERSION = YES;
				GCC_WARN_ABOUT_RETURN_TYPE = YES_ERROR;
				GCC_WARN_UNDECLARED_SELECTOR = YES;
				GCC_WARN_UNINITIALIZED_AUTOS = YES_AGGRESSIVE;
				GCC_WARN_UNUSED_FUNCTION = YES;
				GCC_WARN_UNUSED_VARIABLE = YES;
				IPHONEOS_DEPLOYMENT_TARGET = 10.0;
				MTL_ENABLE_DEBUG_INFO = NO;
				SDKROOT = iphoneos;
				SWIFT_OPTIMIZATION_LEVEL = "-Owholemodule";
				TARGETED_DEVICE_FAMILY = "1,2";
				VALIDATE_PRODUCT = YES;
			};
			name = Release;
		};
		581C58A51DB3CFB500688A74 /* Debug */ = {
			isa = XCBuildConfiguration;
			buildSettings = {
				ASSETCATALOG_COMPILER_APPICON_NAME = AppIcon;
				DEVELOPMENT_TEAM = XD7G54ZSZ3;
				INFOPLIST_FILE = "retro-calculator/Info.plist";
				LD_RUNPATH_SEARCH_PATHS = "$(inherited) @executable_path/Frameworks";
				PRODUCT_BUNDLE_IDENTIFIER = "com.rm.retro-calculator";
				PRODUCT_NAME = "$(TARGET_NAME)";
				SWIFT_VERSION = 3.0;
			};
			name = Debug;
		};
		581C58A61DB3CFB500688A74 /* Release */ = {
			isa = XCBuildConfiguration;
			buildSettings = {
				ASSETCATALOG_COMPILER_APPICON_NAME = AppIcon;
				DEVELOPMENT_TEAM = XD7G54ZSZ3;
				INFOPLIST_FILE = "retro-calculator/Info.plist";
				LD_RUNPATH_SEARCH_PATHS = "$(inherited) @executable_path/Frameworks";
				PRODUCT_BUNDLE_IDENTIFIER = "com.rm.retro-calculator";
				PRODUCT_NAME = "$(TARGET_NAME)";
				SWIFT_VERSION = 3.0;
			};
			name = Release;
		};
/* End XCBuildConfiguration section */

/* Begin XCConfigurationList section */
		581C588A1DB3CFB500688A74 /* Build configuration list for PBXProject "retro-calculator" */ = {
			isa = XCConfigurationList;
			buildConfigurations = (
				581C58A21DB3CFB500688A74 /* Debug */,
				581C58A31DB3CFB500688A74 /* Release */,
			);
			defaultConfigurationIsVisible = 0;
			defaultConfigurationName = Release;
		};
		581C58A41DB3CFB500688A74 /* Build configuration list for PBXNativeTarget "retro-calculator" */ = {
			isa = XCConfigurationList;
			buildConfigurations = (
				581C58A51DB3CFB500688A74 /* Debug */,
				581C58A61DB3CFB500688A74 /* Release */,
			);
			defaultConfigurationIsVisible = 0;
		};
/* End XCConfigurationList section */

/* Begin XCVersionGroup section */
		581C58991DB3CFB500688A74 /* retro_calculator.xcdatamodeld */ = {
			isa = XCVersionGroup;
			children = (
				581C589A1DB3CFB500688A74 /* retro_calculator.xcdatamodel */,
			);
			currentVersion = 581C589A1DB3CFB500688A74 /* retro_calculator.xcdatamodel */;
			path = retro_calculator.xcdatamodeld;
			sourceTree = "<group>";
			versionGroupType = wrapper.xcdatamodel;
		};
/* End XCVersionGroup section */
	};
	rootObject = 581C58871DB3CFB500688A74 /* Project object */;
}
